
Microsoft Visual Studio Solution File, Format Version 12.00
# Visual Studio 15
VisualStudioVersion = 15.0.27130.2020
MinimumVisualStudioVersion = 10.0.40219.1
Project("{FAE04EC0-301F-11D3-BF4B-00C04F79EFBC}") = "Adsmini", "Adsmini\Adsmini.csproj", "{10A80208-7D1D-4AF1-9665-2C1568704DFC}"
EndProject
Global
	GlobalSection(SolutionConfigurationPlatforms) = preSolution
		Debug|Any CPU = Debug|Any CPU
		Release|Any CPU = Release|Any CPU
	EndGlobalSection
	GlobalSection(ProjectConfigurationPlatforms) = postSolution
		{10A80208-7D1D-4AF1-9665-2C1568704DFC}.Debug|Any CPU.ActiveCfg = Debug|Any CPU
		{10A80208-7D1D-4AF1-9665-2C1568704DFC}.Debug|Any CPU.Build.0 = Debug|Any CPU
		{10A80208-7D1D-4AF1-9665-2C1568704DFC}.Release|Any CPU.ActiveCfg = Release|Any CPU
		{10A80208-7D1D-4AF1-9665-2C1568704DFC}.Release|Any CPU.Build.0 = Release|Any CPU
	EndGlobalSection
	GlobalSection(SolutionProperties) = preSolution
		HideSolutionNode = FALSE
	EndGlobalSection
	GlobalSection(ExtensibilityGlobals) = postSolution
		SolutionGuid = {9523C041-7008-4834-A801-DA49A9FD8300}
	EndGlobalSection
EndGlobal
